
Microsoft Visual Studio Solution File, Format Version 11.00
# Visual Studio 2010
Project("{FAE04EC0-301F-11D3-BF4B-00C04F79EFBC}") = "BookTest", "Assembly-CSharp.csproj", "{399B05B5-8D69-D75F-2168-62AF5C068ADA}"
EndProject
Global
	GlobalSection(SolutionConfigurationPlatforms) = preSolution
		Debug|Any CPU = Debug|Any CPU
		Release|Any CPU = Release|Any CPU
	EndGlobalSection
	GlobalSection(ProjectConfigurationPlatforms) = postSolution
		{399B05B5-8D69-D75F-2168-62AF5C068ADA}.Debug|Any CPU.ActiveCfg = Debug|Any CPU
		{399B05B5-8D69-D75F-2168-62AF5C068ADA}.Debug|Any CPU.Build.0 = Debug|Any CPU
		{399B05B5-8D69-D75F-2168-62AF5C068ADA}.Release|Any CPU.ActiveCfg = Release|Any CPU
		{399B05B5-8D69-D75F-2168-62AF5C068ADA}.Release|Any CPU.Build.0 = Release|Any CPU
	EndGlobalSection
	GlobalSection(SolutionProperties) = preSolution
		HideSolutionNode = FALSE
	EndGlobalSection
	GlobalSection(MonoDevelopProperties) = preSolution
		StartupItem = Assembly-CSharp.csproj
	EndGlobalSection
EndGlobal
